// !$*UTF8*$!
{
	archiveVersion = 1;
	classes = {
	};
	objectVersion = 77;
	objects = {

/* Begin PBXBuildFile section */
		31B3A748CFDADEA68CDE40EE /* Foundation.framework in Frameworks */ = {isa = PBXBuildFile; fileRef = 5017A4C7AE0A453E64992C44 /* Foundation.framework */; };
		4321F5725102B5645B211094 /* AppSettingsTests.swift in Sources */ = {isa = PBXBuildFile; fileRef = 65026034DB6EE24C4B3B37DE /* AppSettingsTests.swift */; };
		4C1507582FAB90E0007C784F /* WhisperKit in Frameworks */ = {isa = PBXBuildFile; productRef = 4C1507572FAB90E0007C784F /* WhisperKit */; };
		5C780215514CAF440FE1B77C /* LLMServiceTests.swift in Sources */ = {isa = PBXBuildFile; fileRef = FD18B9F1ACC65366B7756B10 /* LLMServiceTests.swift */; };
/* End PBXBuildFile section */

/* Begin PBXContainerItemProxy section */
		6613E21FC31BBE53F3288240 /* PBXContainerItemProxy */ = {
			isa = PBXContainerItemProxy;
			containerPortal = 4CDCD33E2FAB7C4900DCA3CB /* Project object */;
			proxyType = 1;
			remoteGlobalIDString = 4CDCD3452FAB7C4900DCA3CB;
			remoteInfo = MeetMind;
		};
/* End PBXContainerItemProxy section */

/* Begin PBXFileReference section */
		4CDCD3462FAB7C4900DCA3CB /* MeetMind.app */ = {isa = PBXFileReference; explicitFileType = wrapper.application; includeInIndex = 0; path = MeetMind.app; sourceTree = BUILT_PRODUCTS_DIR; };
		5017A4C7AE0A453E64992C44 /* Foundation.framework */ = {isa = PBXFileReference; lastKnownFileType = wrapper.framework; name = Foundation.framework; path = Platforms/MacOSX.platform/Developer/SDKs/MacOSX15.0.sdk/System/Library/Frameworks/Foundation.framework; sourceTree = DEVELOPER_DIR; };
		65026034DB6EE24C4B3B37DE /* AppSettingsTests.swift */ = {isa = PBXFileReference; includeInIndex = 1; lastKnownFileType = sourcecode.swift; path = AppSettingsTests.swift; sourceTree = "<group>"; };
		9A3400E9346BBAF29EA982B5 /* MeetMindTests.xctest */ = {isa = PBXFileReference; explicitFileType = wrapper.cfbundle; includeInIndex = 0; path = MeetMindTests.xctest; sourceTree = BUILT_PRODUCTS_DIR; };
		FD18B9F1ACC65366B7756B10 /* LLMServiceTests.swift */ = {isa = PBXFileReference; includeInIndex = 1; lastKnownFileType = sourcecode.swift; path = LLMServiceTests.swift; sourceTree = "<group>"; };
/* End PBXFileReference section */

/* Begin PBXFileSystemSynchronizedBuildFileExceptionSet section */
		4C15075B2FABA295007C784F /* Exceptions for "MeetMind" folder in "MeetMind" target */ = {
			isa = PBXFileSystemSynchronizedBuildFileExceptionSet;
			membershipExceptions = (
				Info.plist,
			);
			target = 4CDCD3452FAB7C4900DCA3CB /* MeetMind */;
		};
/* End PBXFileSystemSynchronizedBuildFileExceptionSet section */

/* Begin PBXFileSystemSynchronizedRootGroup section */
		4CDCD3482FAB7C4900DCA3CB /* MeetMind */ = {
			isa = PBXFileSystemSynchronizedRootGroup;
			exceptions = (
				4C15075B2FABA295007C784F /* Exceptions for "MeetMind" folder in "MeetMind" target */,
			);
			path = MeetMind;
			sourceTree = "<group>";
		};
/* End PBXFileSystemSynchronizedRootGroup section */

/* Begin PBXFrameworksBuildPhase section */
		094D4FFD04CE1F7AA4426B95 /* Frameworks */ = {
			isa = PBXFrameworksBuildPhase;
			buildActionMask = 2147483647;
			files = (
				31B3A748CFDADEA68CDE40EE /* Foundation.framework in Frameworks */,
			);
			runOnlyForDeploymentPostprocessing = 0;
		};
		4CDCD3432FAB7C4900DCA3CB /* Frameworks */ = {
			isa = PBXFrameworksBuildPhase;
			buildActionMask = 2147483647;
			files = (
				4C1507582FAB90E0007C784F /* WhisperKit in Frameworks */,
			);
			runOnlyForDeploymentPostprocessing = 0;
		};
/* End PBXFrameworksBuildPhase section */

/* Begin PBXGroup section */
		4CDCD33D2FAB7C4900DCA3CB = {
			isa = PBXGroup;
			children = (
				4CDCD3482FAB7C4900DCA3CB /* MeetMind */,
				4CDCD3472FAB7C4900DCA3CB /* Products */,
				BA2A7CEB3C5DA17A1582A891 /* Frameworks */,
				6FC550D0BE06B61E63C54ADE /* MeetMindTests */,
			);
			sourceTree = "<group>";
		};
		4CDCD3472FAB7C4900DCA3CB /* Products */ = {
			isa = PBXGroup;
			children = (
				4CDCD3462FAB7C4900DCA3CB /* MeetMind.app */,
				9A3400E9346BBAF29EA982B5 /* MeetMindTests.xctest */,
			);
			name = Products;
			sourceTree = "<group>";
		};
		6FC550D0BE06B61E63C54ADE /* MeetMindTests */ = {
			isa = PBXGroup;
			children = (
				65026034DB6EE24C4B3B37DE /* AppSettingsTests.swift */,
				FD18B9F1ACC65366B7756B10 /* LLMServiceTests.swift */,
			);
			name = MeetMindTests;
			path = MeetMindTests;
			sourceTree = "<group>";
		};
		94A19996905A8FB0C26E48B0 /* OS X */ = {
			isa = PBXGroup;
			children = (
				5017A4C7AE0A453E64992C44 /* Foundation.framework */,
			);
			name = "OS X";
			sourceTree = "<group>";
		};
		BA2A7CEB3C5DA17A1582A891 /* Frameworks */ = {
			isa = PBXGroup;
			children = (
				94A19996905A8FB0C26E48B0 /* OS X */,
			);
			name = Frameworks;
			sourceTree = "<group>";
		};
/* End PBXGroup section */

/* Begin PBXNativeTarget section */
		46E3C78739D07C1ED011B07E /* MeetMindTests */ = {
			isa = PBXNativeTarget;
			buildConfigurationList = 80E10A4774A3668B43D5F580 /* Build configuration list for PBXNativeTarget "MeetMindTests" */;
			buildPhases = (
				8844CCB0578CF12258E9EC5E /* Sources */,
				094D4FFD04CE1F7AA4426B95 /* Frameworks */,
				18C9BE8697A133326B561BC8 /* Resources */,
			);
			buildRules = (
			);
			dependencies = (
				E9E2399431B4D3637B1ACF45 /* PBXTargetDependency */,
			);
			name = MeetMindTests;
			productName = MeetMindTests;
			productReference = 9A3400E9346BBAF29EA982B5 /* MeetMindTests.xctest */;
			productType = "com.apple.product-type.bundle.unit-test";
		};
		4CDCD3452FAB7C4900DCA3CB /* MeetMind */ = {
			isa = PBXNativeTarget;
			buildConfigurationList = 4CDCD3532FAB7C4A00DCA3CB /* Build configuration list for PBXNativeTarget "MeetMind" */;
			buildPhases = (
				4CDCD3422FAB7C4900DCA3CB /* Sources */,
				4CDCD3432FAB7C4900DCA3CB /* Frameworks */,
				4CDCD3442FAB7C4900DCA3CB /* Resources */,
			);
			buildRules = (
			);
			dependencies = (
			);
			fileSystemSynchronizedGroups = (
				4CDCD3482FAB7C4900DCA3CB /* MeetMind */,
			);
			name = MeetMind;
			packageProductDependencies = (
				4C1507572FAB90E0007C784F /* WhisperKit */,
			);
			productName = MeetMind;
			productReference = 4CDCD3462FAB7C4900DCA3CB /* MeetMind.app */;
			productType = "com.apple.product-type.application";
		};
/* End PBXNativeTarget section */

/* Begin PBXProject section */
		4CDCD33E2FAB7C4900DCA3CB /* Project object */ = {
			isa = PBXProject;
			attributes = {
				BuildIndependentTargetsInParallel = 1;
				LastSwiftUpdateCheck = 2640;
				LastUpgradeCheck = 2640;
				TargetAttributes = {
					4CDCD3452FAB7C4900DCA3CB = {
						CreatedOnToolsVersion = 26.4.1;
					};
				};
			};
			buildConfigurationList = 4CDCD3412FAB7C4900DCA3CB /* Build configuration list for PBXProject "MeetMind" */;
			developmentRegion = en;
			hasScannedForEncodings = 0;
			knownRegions = (
				en,
				Base,
			);
			mainGroup = 4CDCD33D2FAB7C4900DCA3CB;
			minimizedProjectReferenceProxies = 1;
			packageReferences = (
				4C1507562FAB90E0007C784F /* XCRemoteSwiftPackageReference "argmax-oss-swift" */,
			);
			preferredProjectObjectVersion = 77;
			productRefGroup = 4CDCD3472FAB7C4900DCA3CB /* Products */;
			projectDirPath = "";
			projectRoot = "";
			targets = (
				4CDCD3452FAB7C4900DCA3CB /* MeetMind */,
				46E3C78739D07C1ED011B07E /* MeetMindTests */,
			);
		};
/* End PBXProject section */

/* Begin PBXResourcesBuildPhase section */
		18C9BE8697A133326B561BC8 /* Resources */ = {
			isa = PBXResourcesBuildPhase;
			buildActionMask = 2147483647;
			files = (
			);
			runOnlyForDeploymentPostprocessing = 0;
		};
		4CDCD3442FAB7C4900DCA3CB /* Resources */ = {
			isa = PBXResourcesBuildPhase;
			buildActionMask = 2147483647;
			files = (
			);
			runOnlyForDeploymentPostprocessing = 0;
		};
/* End PBXResourcesBuildPhase section */

/* Begin PBXSourcesBuildPhase section */
		4CDCD3422FAB7C4900DCA3CB /* Sources */ = {
			isa = PBXSourcesBuildPhase;
			buildActionMask = 2147483647;
			files = (
			);
			runOnlyForDeploymentPostprocessing = 0;
		};
		8844CCB0578CF12258E9EC5E /* Sources */ = {
			isa = PBXSourcesBuildPhase;
			buildActionMask = 2147483647;
			files = (
				4321F5725102B5645B211094 /* AppSettingsTests.swift in Sources */,
				5C780215514CAF440FE1B77C /* LLMServiceTests.swift in Sources */,
			);
			runOnlyForDeploymentPostprocessing = 0;
		};
/* End PBXSourcesBuildPhase section */

/* Begin PBXTargetDependency section */
		E9E2399431B4D3637B1ACF45 /* PBXTargetDependency */ = {
			isa = PBXTargetDependency;
			name = MeetMind;
			target = 4CDCD3452FAB7C4900DCA3CB /* MeetMind */;
			targetProxy = 6613E21FC31BBE53F3288240 /* PBXContainerItemProxy */;
		};
/* End PBXTargetDependency section */

/* Begin XCBuildConfiguration section */
		4CDCD3512FAB7C4A00DCA3CB /* Debug */ = {
			isa = XCBuildConfiguration;
			buildSettings = {
				ALWAYS_SEARCH_USER_PATHS = NO;
				ASSETCATALOG_COMPILER_GENERATE_SWIFT_ASSET_SYMBOL_EXTENSIONS = YES;
				CLANG_ANALYZER_NONNULL = YES;
				CLANG_ANALYZER_NUMBER_OBJECT_CONVERSION = YES_AGGRESSIVE;
				CLANG_CXX_LANGUAGE_STANDARD = "gnu++20";
				CLANG_ENABLE_MODULES = YES;
				CLANG_ENABLE_OBJC_ARC = YES;
				CLANG_ENABLE_OBJC_WEAK = YES;
				CLANG_WARN_BLOCK_CAPTURE_AUTORELEASING = YES;
				CLANG_WARN_BOOL_CONVERSION = YES;
				CLANG_WARN_COMMA = YES;
				CLANG_WARN_CONSTANT_CONVERSION = YES;
				CLANG_WARN_DEPRECATED_OBJC_IMPLEMENTATIONS = YES;
				CLANG_WARN_DIRECT_OBJC_ISA_USAGE = YES_ERROR;
				CLANG_WARN_DOCUMENTATION_COMMENTS = YES;
				CLANG_WARN_EMPTY_BODY = YES;
				CLANG_WARN_ENUM_CONVERSION = YES;
				CLANG_WARN_INFINITE_RECURSION = YES;
				CLANG_WARN_INT_CONVERSION = YES;
				CLANG_WARN_NON_LITERAL_NULL_CONVERSION = YES;
				CLANG_WARN_OBJC_IMPLICIT_RETAIN_SELF = YES;
				CLANG_WARN_OBJC_LITERAL_CONVERSION = YES;
				CLANG_WARN_OBJC_ROOT_CLASS = YES_ERROR;
				CLANG_WARN_QUOTED_INCLUDE_IN_FRAMEWORK_HEADER = YES;
				CLANG_WARN_RANGE_LOOP_ANALYSIS = YES;
				CLANG_WARN_STRICT_PROTOTYPES = YES;
				CLANG_WARN_SUSPICIOUS_MOVE = YES;
				CLANG_WARN_UNGUARDED_AVAILABILITY = YES_AGGRESSIVE;
				CLANG_WARN_UNREACHABLE_CODE = YES;
				CLANG_WARN__DUPLICATE_METHOD_MATCH = YES;
				COPY_PHASE_STRIP = NO;
				DEBUG_INFORMATION_FORMAT = dwarf;
				DEVELOPMENT_TEAM = 72UFS7AJ5R;
				ENABLE_STRICT_OBJC_MSGSEND = YES;
				ENABLE_TESTABILITY = YES;
				ENABLE_USER_SCRIPT_SANDBOXING = YES;
				GCC_C_LANGUAGE_STANDARD = gnu17;
				GCC_DYNAMIC_NO_PIC = NO;
				GCC_NO_COMMON_BLOCKS = YES;
				GCC_OPTIMIZATION_LEVEL = 0;
				GCC_PREPROCESSOR_DEFINITIONS = (
					"DEBUG=1",
					"$(inherited)",
				);
				GCC_WARN_64_TO_32_BIT_CONVERSION = YES;
				GCC_WARN_ABOUT_RETURN_TYPE = YES_ERROR;
				GCC_WARN_UNDECLARED_SELECTOR = YES;
				GCC_WARN_UNINITIALIZED_AUTOS = YES_AGGRESSIVE;
				GCC_WARN_UNUSED_FUNCTION = YES;
				GCC_WARN_UNUSED_VARIABLE = YES;
				LOCALIZATION_PREFERS_STRING_CATALOGS = YES;
				MACOSX_DEPLOYMENT_TARGET = 26.4;
				MTL_ENABLE_DEBUG_INFO = INCLUDE_SOURCE;
				MTL_FAST_MATH = YES;
				ONLY_ACTIVE_ARCH = YES;
				SDKROOT = macosx;
				SWIFT_ACTIVE_COMPILATION_CONDITIONS = "DEBUG $(inherited)";
				SWIFT_OPTIMIZATION_LEVEL = "-Onone";
			};
			name = Debug;
		};
		4CDCD3522FAB7C4A00DCA3CB /* Release */ = {
			isa = XCBuildConfiguration;
			buildSettings = {
				ALWAYS_SEARCH_USER_PATHS = NO;
				ASSETCATALOG_COMPILER_GENERATE_SWIFT_ASSET_SYMBOL_EXTENSIONS = YES;
				CLANG_ANALYZER_NONNULL = YES;
				CLANG_ANALYZER_NUMBER_OBJECT_CONVERSION = YES_AGGRESSIVE;
				CLANG_CXX_LANGUAGE_STANDARD = "gnu++20";
				CLANG_ENABLE_MODULES = YES;
				CLANG_ENABLE_OBJC_ARC = YES;
				CLANG_ENABLE_OBJC_WEAK = YES;
				CLANG_WARN_BLOCK_CAPTURE_AUTORELEASING = YES;
				CLANG_WARN_BOOL_CONVERSION = YES;
				CLANG_WARN_COMMA = YES;
				CLANG_WARN_CONSTANT_CONVERSION = YES;
				CLANG_WARN_DEPRECATED_OBJC_IMPLEMENTATIONS = YES;
				CLANG_WARN_DIRECT_OBJC_ISA_USAGE = YES_ERROR;
				CLANG_WARN_DOCUMENTATION_COMMENTS = YES;
				CLANG_WARN_EMPTY_BODY = YES;
				CLANG_WARN_ENUM_CONVERSION = YES;
				CLANG_WARN_INFINITE_RECURSION = YES;
				CLANG_WARN_INT_CONVERSION = YES;
				CLANG_WARN_NON_LITERAL_NULL_CONVERSION = YES;
				CLANG_WARN_OBJC_IMPLICIT_RETAIN_SELF = YES;
				CLANG_WARN_OBJC_LITERAL_CONVERSION = YES;
				CLANG_WARN_OBJC_ROOT_CLASS = YES_ERROR;
				CLANG_WARN_QUOTED_INCLUDE_IN_FRAMEWORK_HEADER = YES;
				CLANG_WARN_RANGE_LOOP_ANALYSIS = YES;
				CLANG_WARN_STRICT_PROTOTYPES = YES;
				CLANG_WARN_SUSPICIOUS_MOVE = YES;
				CLANG_WARN_UNGUARDED_AVAILABILITY = YES_AGGRESSIVE;
				CLANG_WARN_UNREACHABLE_CODE = YES;
				CLANG_WARN__DUPLICATE_METHOD_MATCH = YES;
				COPY_PHASE_STRIP = NO;
				DEBUG_INFORMATION_FORMAT = "dwarf-with-dsym";
				DEVELOPMENT_TEAM = 72UFS7AJ5R;
				ENABLE_NS_ASSERTIONS = NO;
				ENABLE_STRICT_OBJC_MSGSEND = YES;
				ENABLE_USER_SCRIPT_SANDBOXING = YES;
				GCC_C_LANGUAGE_STANDARD = gnu17;
				GCC_NO_COMMON_BLOCKS = YES;
				GCC_WARN_64_TO_32_BIT_CONVERSION = YES;
				GCC_WARN_ABOUT_RETURN_TYPE = YES_ERROR;
				GCC_WARN_UNDECLARED_SELECTOR = YES;
				GCC_WARN_UNINITIALIZED_AUTOS = YES_AGGRESSIVE;
				GCC_WARN_UNUSED_FUNCTION = YES;
				GCC_WARN_UNUSED_VARIABLE = YES;
				LOCALIZATION_PREFERS_STRING_CATALOGS = YES;
				MACOSX_DEPLOYMENT_TARGET = 26.4;
				MTL_ENABLE_DEBUG_INFO = NO;
				MTL_FAST_MATH = YES;
				SDKROOT = macosx;
				SWIFT_COMPILATION_MODE = wholemodule;
			};
			name = Release;
		};
		4CDCD3542FAB7C4A00DCA3CB /* Debug */ = {
			isa = XCBuildConfiguration;
			buildSettings = {
				ASSETCATALOG_COMPILER_APPICON_NAME = AppIcon;
				ASSETCATALOG_COMPILER_GLOBAL_ACCENT_COLOR_NAME = AccentColor;
				CODE_SIGN_ENTITLEMENTS = MeetMind/MeetMind.entitlements;
				CODE_SIGN_STYLE = Automatic;
				COMBINE_HIDPI_IMAGES = YES;
				CURRENT_PROJECT_VERSION = 7;
				DEVELOPMENT_TEAM = 72UFS7AJ5R;
				ENABLE_APP_SANDBOX = YES;
				ENABLE_HARDENED_RUNTIME = YES;
				ENABLE_PREVIEWS = YES;
				ENABLE_TESTABILITY = YES;
				ENABLE_USER_SELECTED_FILES = readwrite;
				GENERATE_INFOPLIST_FILE = YES;
				INFOPLIST_FILE = MeetMind/Info.plist;
				INFOPLIST_KEY_LSApplicationCategoryType = "public.app-category.utilities";
				INFOPLIST_KEY_NSHumanReadableCopyright = "";
				INFOPLIST_KEY_NSMicrophoneUsageDescription = "MeetMind потребує доступ до мікрофона для запису та транскрипції нарад.";
				LD_RUNPATH_SEARCH_PATHS = (
					"$(inherited)",
					"@executable_path/../Frameworks",
				);
				MARKETING_VERSION = 1.1.3;
				PRODUCT_BUNDLE_IDENTIFIER = oleksii.chumak.MeetMind;
				PRODUCT_NAME = "$(TARGET_NAME)";
				REGISTER_APP_GROUPS = YES;
				STRING_CATALOG_GENERATE_SYMBOLS = YES;
				SWIFT_APPROACHABLE_CONCURRENCY = YES;
				SWIFT_DEFAULT_ACTOR_ISOLATION = MainActor;
				SWIFT_EMIT_LOC_STRINGS = YES;
				SWIFT_UPCOMING_FEATURE_MEMBER_IMPORT_VISIBILITY = YES;
				SWIFT_VERSION = 5.0;
			};
			name = Debug;
		};
		4CDCD3552FAB7C4A00DCA3CB /* Release */ = {
			isa = XCBuildConfiguration;
			buildSettings = {
				ASSETCATALOG_COMPILER_APPICON_NAME = AppIcon;
				ASSETCATALOG_COMPILER_GLOBAL_ACCENT_COLOR_NAME = AccentColor;
				CODE_SIGN_ENTITLEMENTS = MeetMind/MeetMind.entitlements;
				CODE_SIGN_STYLE = Automatic;
				COMBINE_HIDPI_IMAGES = YES;
				CURRENT_PROJECT_VERSION = 7;
				DEVELOPMENT_TEAM = 72UFS7AJ5R;
				ENABLE_APP_SANDBOX = YES;
				ENABLE_HARDENED_RUNTIME = YES;
				ENABLE_PREVIEWS = YES;
				ENABLE_TESTABILITY = YES;
				ENABLE_USER_SELECTED_FILES = readwrite;
				GENERATE_INFOPLIST_FILE = YES;
				INFOPLIST_FILE = MeetMind/Info.plist;
				INFOPLIST_KEY_LSApplicationCategoryType = "public.app-category.utilities";
				INFOPLIST_KEY_NSHumanReadableCopyright = "";
				INFOPLIST_KEY_NSMicrophoneUsageDescription = "MeetMind потребує доступ до мікрофона для запису та транскрипції нарад.";
				LD_RUNPATH_SEARCH_PATHS = (
					"$(inherited)",
					"@executable_path/../Frameworks",
				);
				MARKETING_VERSION = 1.1.3;
				PRODUCT_BUNDLE_IDENTIFIER = oleksii.chumak.MeetMind;
				PRODUCT_NAME = "$(TARGET_NAME)";
				REGISTER_APP_GROUPS = YES;
				STRING_CATALOG_GENERATE_SYMBOLS = YES;
				SWIFT_APPROACHABLE_CONCURRENCY = YES;
				SWIFT_DEFAULT_ACTOR_ISOLATION = MainActor;
				SWIFT_EMIT_LOC_STRINGS = YES;
				SWIFT_UPCOMING_FEATURE_MEMBER_IMPORT_VISIBILITY = YES;
				SWIFT_VERSION = 5.0;
			};
			name = Release;
		};
		8F93B125333E1B751C866584 /* Debug */ = {
			isa = XCBuildConfiguration;
			buildSettings = {
				BUNDLE_LOADER = "$(TEST_HOST)";
				GENERATE_INFOPLIST_FILE = YES;
				PRODUCT_BUNDLE_IDENTIFIER = com.nodibell.MeetMindTests;
				PRODUCT_MODULE_NAME = MeetMindTests;
				PRODUCT_NAME = MeetMindTests;
				SWIFT_VERSION = 5.0;
				TEST_HOST = "$(BUILT_PRODUCTS_DIR)/MeetMind.app/Contents/MacOS/MeetMind";
			};
			name = Debug;
		};
		AEFA44FA9CF9391E092D70AE /* Release */ = {
			isa = XCBuildConfiguration;
			buildSettings = {
				BUNDLE_LOADER = "$(TEST_HOST)";
				GENERATE_INFOPLIST_FILE = YES;
				PRODUCT_BUNDLE_IDENTIFIER = com.nodibell.MeetMindTests;
				PRODUCT_MODULE_NAME = MeetMindTests;
				PRODUCT_NAME = MeetMindTests;
				SWIFT_VERSION = 5.0;
				TEST_HOST = "$(BUILT_PRODUCTS_DIR)/MeetMind.app/Contents/MacOS/MeetMind";
			};
			name = Release;
		};
/* End XCBuildConfiguration section */

/* Begin XCConfigurationList section */
		4CDCD3412FAB7C4900DCA3CB /* Build configuration list for PBXProject "MeetMind" */ = {
			isa = XCConfigurationList;
			buildConfigurations = (
				4CDCD3512FAB7C4A00DCA3CB /* Debug */,
				4CDCD3522FAB7C4A00DCA3CB /* Release */,
			);
			defaultConfigurationIsVisible = 0;
			defaultConfigurationName = Release;
		};
		4CDCD3532FAB7C4A00DCA3CB /* Build configuration list for PBXNativeTarget "MeetMind" */ = {
			isa = XCConfigurationList;
			buildConfigurations = (
				4CDCD3542FAB7C4A00DCA3CB /* Debug */,
				4CDCD3552FAB7C4A00DCA3CB /* Release */,
			);
			defaultConfigurationIsVisible = 0;
			defaultConfigurationName = Release;
		};
		80E10A4774A3668B43D5F580 /* Build configuration list for PBXNativeTarget "MeetMindTests" */ = {
			isa = XCConfigurationList;
			buildConfigurations = (
				AEFA44FA9CF9391E092D70AE /* Release */,
				8F93B125333E1B751C866584 /* Debug */,
			);
			defaultConfigurationIsVisible = 0;
			defaultConfigurationName = Release;
		};
/* End XCConfigurationList section */

/* Begin XCRemoteSwiftPackageReference section */
		4C1507562FAB90E0007C784F /* XCRemoteSwiftPackageReference "argmax-oss-swift" */ = {
			isa = XCRemoteSwiftPackageReference;
			repositoryURL = "https://github.com/argmaxinc/argmax-oss-swift";
			requirement = {
				branch = main;
				kind = branch;
			};
		};
/* End XCRemoteSwiftPackageReference section */

/* Begin XCSwiftPackageProductDependency section */
		4C1507572FAB90E0007C784F /* WhisperKit */ = {
			isa = XCSwiftPackageProductDependency;
			package = 4C1507562FAB90E0007C784F /* XCRemoteSwiftPackageReference "argmax-oss-swift" */;
			productName = WhisperKit;
		};
/* End XCSwiftPackageProductDependency section */
	};
	rootObject = 4CDCD33E2FAB7C4900DCA3CB /* Project object */;
}
